{
  "name": "gyandhan",
  "lockfileVersion": 3,
  "requires": true,
  "packages": {
    "": {
      "dependencies": {
        "haversine-js": "^1.0.0",
        "s-haversine": "^2.0.0"
      },
      "devDependencies": {
        "@faker-js/faker": "^8.4.1"
      }
    },
    "node_modules/@faker-js/faker": {
      "version": "8.4.1",
      "resolved": "https://registry.npmjs.org/@faker-js/faker/-/faker-8.4.1.tgz",
      "integrity": "sha512-XQ3cU+Q8Uqmrbf2e0cIC/QN43sTBSC8KF12u29Mb47tWrt2hAgBXSgpZMj4Ao8Uk0iJcU99QsOCaIL8934obCg==",
      "dev": true,
      "funding": [
        {
          "type": "opencollective",
          "url": "https://opencollective.com/fakerjs"
        }
      ],
      "engines": {
        "node": "^14.17.0 || ^16.13.0 || >=18.0.0",
        "npm": ">=6.14.13"
      }
    },
    "node_modules/haversine-js": {
      "version": "1.0.0",
      "resolved": "https://registry.npmjs.org/haversine-js/-/haversine-js-1.0.0.tgz",
      "integrity": "sha512-AaLcyL14Gc1kH6bWzySqpdCti/i2Hiw9eytzzwxVhZ58wwg7uF9La2a5CwSwpxQB3tAt8urVOj/ikhgP7aRcjA==",
      "engines": {
        "node": ">=4"
      }
    },
    "node_modules/s-haversine": {
      "version": "2.0.0",
      "resolved": "https://registry.npmjs.org/s-haversine/-/s-haversine-2.0.0.tgz",
      "integrity": "sha512-7GpzFItU71j3Lp0DpadiZxCyfyqtZ6JxC3bZ6nwym9oj5KIaHX/RCnMwQOVtrBDIN4JFa/jKniHAggQaO43o7g=="
    }
  }
}
